// !$*UTF8*$!
{
	archiveVersion = 1;
	classes = {
	};
	objectVersion = 46;
	objects = {

/* Begin PBXBuildFile section */
		04CBDCE6193ECA1C00503049 /* AppDelegate.swift in Sources */ = {isa = PBXBuildFile; fileRef = 04CBDCE5193ECA1C00503049 /* AppDelegate.swift */; };
		04CBDCE8193ECA1C00503049 /* ViewController.swift in Sources */ = {isa = PBXBuildFile; fileRef = 04CBDCE7193ECA1C00503049 /* ViewController.swift */; };
		04CBDCEB193ECA1C00503049 /* Main.storyboard in Resources */ = {isa = PBXBuildFile; fileRef = 04CBDCE9193ECA1C00503049 /* Main.storyboard */; };
		04CBDCED193ECA1C00503049 /* Images.xcassets in Resources */ = {isa = PBXBuildFile; fileRef = 04CBDCEC193ECA1C00503049 /* Images.xcassets */; };
		04CBDCF9193ECA1C00503049 /* BonanzaTests.swift in Sources */ = {isa = PBXBuildFile; fileRef = 04CBDCF8193ECA1C00503049 /* BonanzaTests.swift */; };
		04CBDD03193ECD6700503049 /* SetCard.swift in Sources */ = {isa = PBXBuildFile; fileRef = 04CBDD02193ECD6700503049 /* SetCard.swift */; };
		04CBDD05193FC91600503049 /* SetCardGame.swift in Sources */ = {isa = PBXBuildFile; fileRef = 04CBDD04193FC91600503049 /* SetCardGame.swift */; };
		04CBDD341940195400503049 /* SetCardView.swift in Sources */ = {isa = PBXBuildFile; fileRef = 04CBDD331940195400503049 /* SetCardView.swift */; };
/* End PBXBuildFile section */

/* Begin PBXContainerItemProxy section */
		04CBDCF3193ECA1C00503049 /* PBXContainerItemProxy */ = {
			isa = PBXContainerItemProxy;
			containerPortal = 04CBDCD8193ECA1C00503049 /* Project object */;
			proxyType = 1;
			remoteGlobalIDString = 04CBDCDF193ECA1C00503049;
			remoteInfo = Bonanza;
		};
/* End PBXContainerItemProxy section */

/* Begin PBXFileReference section */
		04CBDCE0193ECA1C00503049 /* Bonanza.app */ = {isa = PBXFileReference; explicitFileType = wrapper.application; includeInIndex = 0; path = Bonanza.app; sourceTree = BUILT_PRODUCTS_DIR; };
		04CBDCE4193ECA1C00503049 /* Info.plist */ = {isa = PBXFileReference; lastKnownFileType = text.plist.xml; path = Info.plist; sourceTree = "<group>"; };
		04CBDCE5193ECA1C00503049 /* AppDelegate.swift */ = {isa = PBXFileReference; lastKnownFileType = sourcecode.swift; path = AppDelegate.swift; sourceTree = "<group>"; };
		04CBDCE7193ECA1C00503049 /* ViewController.swift */ = {isa = PBXFileReference; lastKnownFileType = sourcecode.swift; path = ViewController.swift; sourceTree = "<group>"; };
		04CBDCEA193ECA1C00503049 /* Base */ = {isa = PBXFileReference; lastKnownFileType = file.storyboard; name = Base; path = Base.lproj/Main.storyboard; sourceTree = "<group>"; };
		04CBDCEC193ECA1C00503049 /* Images.xcassets */ = {isa = PBXFileReference; lastKnownFileType = folder.assetcatalog; path = Images.xcassets; sourceTree = "<group>"; };
		04CBDCF2193ECA1C00503049 /* BonanzaTests.xctest */ = {isa = PBXFileReference; explicitFileType = wrapper.cfbundle; includeInIndex = 0; path = BonanzaTests.xctest; sourceTree = BUILT_PRODUCTS_DIR; };
		04CBDCF7193ECA1C00503049 /* Info.plist */ = {isa = PBXFileReference; lastKnownFileType = text.plist.xml; path = Info.plist; sourceTree = "<group>"; };
		04CBDCF8193ECA1C00503049 /* BonanzaTests.swift */ = {isa = PBXFileReference; lastKnownFileType = sourcecode.swift; path = BonanzaTests.swift; sourceTree = "<group>"; };
		04CBDD02193ECD6700503049 /* SetCard.swift */ = {isa = PBXFileReference; fileEncoding = 4; lastKnownFileType = sourcecode.swift; path = SetCard.swift; sourceTree = "<group>"; };
		04CBDD04193FC91600503049 /* SetCardGame.swift */ = {isa = PBXFileReference; fileEncoding = 4; lastKnownFileType = sourcecode.swift; path = SetCardGame.swift; sourceTree = "<group>"; };
		04CBDD331940195400503049 /* SetCardView.swift */ = {isa = PBXFileReference; fileEncoding = 4; lastKnownFileType = sourcecode.swift; path = SetCardView.swift; sourceTree = "<group>"; };
/* End PBXFileReference section */

/* Begin PBXFrameworksBuildPhase section */
		04CBDCDD193ECA1C00503049 /* Frameworks */ = {
			isa = PBXFrameworksBuildPhase;
			buildActionMask = 2147483647;
			files = (
			);
			runOnlyForDeploymentPostprocessing = 0;
		};
		04CBDCEF193ECA1C00503049 /* Frameworks */ = {
			isa = PBXFrameworksBuildPhase;
			buildActionMask = 2147483647;
			files = (
			);
			runOnlyForDeploymentPostprocessing = 0;
		};
/* End PBXFrameworksBuildPhase section */

/* Begin PBXGroup section */
		04CBDCD7193ECA1C00503049 = {
			isa = PBXGroup;
			children = (
				04CBDCE2193ECA1C00503049 /* Bonanza */,
				04CBDCF5193ECA1C00503049 /* BonanzaTests */,
				04CBDCE1193ECA1C00503049 /* Products */,
			);
			sourceTree = "<group>";
		};
		04CBDCE1193ECA1C00503049 /* Products */ = {
			isa = PBXGroup;
			children = (
				04CBDCE0193ECA1C00503049 /* Bonanza.app */,
				04CBDCF2193ECA1C00503049 /* BonanzaTests.xctest */,
			);
			name = Products;
			sourceTree = "<group>";
		};
		04CBDCE2193ECA1C00503049 /* Bonanza */ = {
			isa = PBXGroup;
			children = (
				04CBDCE5193ECA1C00503049 /* AppDelegate.swift */,
				04CBDCE7193ECA1C00503049 /* ViewController.swift */,
				04CBDD02193ECD6700503049 /* SetCard.swift */,
				04CBDD04193FC91600503049 /* SetCardGame.swift */,
				04CBDCE9193ECA1C00503049 /* Main.storyboard */,
				04CBDD331940195400503049 /* SetCardView.swift */,
				04CBDCEC193ECA1C00503049 /* Images.xcassets */,
				04CBDCE3193ECA1C00503049 /* Supporting Files */,
			);
			path = Bonanza;
			sourceTree = "<group>";
		};
		04CBDCE3193ECA1C00503049 /* Supporting Files */ = {
			isa = PBXGroup;
			children = (
				04CBDCE4193ECA1C00503049 /* Info.plist */,
			);
			name = "Supporting Files";
			sourceTree = "<group>";
		};
		04CBDCF5193ECA1C00503049 /* BonanzaTests */ = {
			isa = PBXGroup;
			children = (
				04CBDCF8193ECA1C00503049 /* BonanzaTests.swift */,
				04CBDCF6193ECA1C00503049 /* Supporting Files */,
			);
			path = BonanzaTests;
			sourceTree = "<group>";
		};
		04CBDCF6193ECA1C00503049 /* Supporting Files */ = {
			isa = PBXGroup;
			children = (
				04CBDCF7193ECA1C00503049 /* Info.plist */,
			);
			name = "Supporting Files";
			sourceTree = "<group>";
		};
/* End PBXGroup section */

/* Begin PBXNativeTarget section */
		04CBDCDF193ECA1C00503049 /* Bonanza */ = {
			isa = PBXNativeTarget;
			buildConfigurationList = 04CBDCFC193ECA1C00503049 /* Build configuration list for PBXNativeTarget "Bonanza" */;
			buildPhases = (
				04CBDCDC193ECA1C00503049 /* Sources */,
				04CBDCDD193ECA1C00503049 /* Frameworks */,
				04CBDCDE193ECA1C00503049 /* Resources */,
			);
			buildRules = (
			);
			dependencies = (
			);
			name = Bonanza;
			productName = Bonanza;
			productReference = 04CBDCE0193ECA1C00503049 /* Bonanza.app */;
			productType = "com.apple.product-type.application";
		};
		04CBDCF1193ECA1C00503049 /* BonanzaTests */ = {
			isa = PBXNativeTarget;
			buildConfigurationList = 04CBDCFF193ECA1C00503049 /* Build configuration list for PBXNativeTarget "BonanzaTests" */;
			buildPhases = (
				04CBDCEE193ECA1C00503049 /* Sources */,
				04CBDCEF193ECA1C00503049 /* Frameworks */,
				04CBDCF0193ECA1C00503049 /* Resources */,
			);
			buildRules = (
			);
			dependencies = (
				04CBDCF4193ECA1C00503049 /* PBXTargetDependency */,
			);
			name = BonanzaTests;
			productName = BonanzaTests;
			productReference = 04CBDCF2193ECA1C00503049 /* BonanzaTests.xctest */;
			productType = "com.apple.product-type.bundle.unit-test";
		};
/* End PBXNativeTarget section */

/* Begin PBXProject section */
		04CBDCD8193ECA1C00503049 /* Project object */ = {
			isa = PBXProject;
			attributes = {
				LastUpgradeCheck = 0600;
				ORGANIZATIONNAME = "Satindar Dhillon";
				TargetAttributes = {
					04CBDCDF193ECA1C00503049 = {
						CreatedOnToolsVersion = 6.0;
					};
					04CBDCF1193ECA1C00503049 = {
						CreatedOnToolsVersion = 6.0;
						TestTargetID = 04CBDCDF193ECA1C00503049;
					};
				};
			};
			buildConfigurationList = 04CBDCDB193ECA1C00503049 /* Build configuration list for PBXProject "Bonanza" */;
			compatibilityVersion = "Xcode 3.2";
			developmentRegion = English;
			hasScannedForEncodings = 0;
			knownRegions = (
				en,
				Base,
			);
			mainGroup = 04CBDCD7193ECA1C00503049;
			productRefGroup = 04CBDCE1193ECA1C00503049 /* Products */;
			projectDirPath = "";
			projectRoot = "";
			targets = (
				04CBDCDF193ECA1C00503049 /* Bonanza */,
				04CBDCF1193ECA1C00503049 /* BonanzaTests */,
			);
		};
/* End PBXProject section */

/* Begin PBXResourcesBuildPhase section */
		04CBDCDE193ECA1C00503049 /* Resources */ = {
			isa = PBXResourcesBuildPhase;
			buildActionMask = 2147483647;
			files = (
				04CBDCEB193ECA1C00503049 /* Main.storyboard in Resources */,
				04CBDCED193ECA1C00503049 /* Images.xcassets in Resources */,
			);
			runOnlyForDeploymentPostprocessing = 0;
		};
		04CBDCF0193ECA1C00503049 /* Resources */ = {
			isa = PBXResourcesBuildPhase;
			buildActionMask = 2147483647;
			files = (
			);
			runOnlyForDeploymentPostprocessing = 0;
		};
/* End PBXResourcesBuildPhase section */

/* Begin PBXSourcesBuildPhase section */
		04CBDCDC193ECA1C00503049 /* Sources */ = {
			isa = PBXSourcesBuildPhase;
			buildActionMask = 2147483647;
			files = (
				04CBDD05193FC91600503049 /* SetCardGame.swift in Sources */,
				04CBDD341940195400503049 /* SetCardView.swift in Sources */,
				04CBDD03193ECD6700503049 /* SetCard.swift in Sources */,
				04CBDCE8193ECA1C00503049 /* ViewController.swift in Sources */,
				04CBDCE6193ECA1C00503049 /* AppDelegate.swift in Sources */,
			);
			runOnlyForDeploymentPostprocessing = 0;
		};
		04CBDCEE193ECA1C00503049 /* Sources */ = {
			isa = PBXSourcesBuildPhase;
			buildActionMask = 2147483647;
			files = (
				04CBDCF9193ECA1C00503049 /* BonanzaTests.swift in Sources */,
			);
			runOnlyForDeploymentPostprocessing = 0;
		};
/* End PBXSourcesBuildPhase section */

/* Begin PBXTargetDependency section */
		04CBDCF4193ECA1C00503049 /* PBXTargetDependency */ = {
			isa = PBXTargetDependency;
			target = 04CBDCDF193ECA1C00503049 /* Bonanza */;
			targetProxy = 04CBDCF3193ECA1C00503049 /* PBXContainerItemProxy */;
		};
/* End PBXTargetDependency section */

/* Begin PBXVariantGroup section */
		04CBDCE9193ECA1C00503049 /* Main.storyboard */ = {
			isa = PBXVariantGroup;
			children = (
				04CBDCEA193ECA1C00503049 /* Base */,
			);
			name = Main.storyboard;
			sourceTree = "<group>";
		};
/* End PBXVariantGroup section */

/* Begin XCBuildConfiguration section */
		04CBDCFA193ECA1C00503049 /* Debug */ = {
			isa = XCBuildConfiguration;
			buildSettings = {
				ALWAYS_SEARCH_USER_PATHS = NO;
				CLANG_CXX_LANGUAGE_STANDARD = "gnu++0x";
				CLANG_CXX_LIBRARY = "libc++";
				CLANG_ENABLE_MODULES = YES;
				CLANG_ENABLE_OBJC_ARC = YES;
				CLANG_WARN_BOOL_CONVERSION = YES;
				CLANG_WARN_CONSTANT_CONVERSION = YES;
				CLANG_WARN_DIRECT_OBJC_ISA_USAGE = YES_ERROR;
				CLANG_WARN_EMPTY_BODY = YES;
				CLANG_WARN_ENUM_CONVERSION = YES;
				CLANG_WARN_INT_CONVERSION = YES;
				CLANG_WARN_OBJC_ROOT_CLASS = YES_ERROR;
				CLANG_WARN_UNREACHABLE_CODE = YES;
				CLANG_WARN__DUPLICATE_METHOD_MATCH = YES;
				"CODE_SIGN_IDENTITY[sdk=iphoneos*]" = "iPhone Developer";
				COPY_PHASE_STRIP = NO;
				ENABLE_STRICT_OBJC_MSGSEND = YES;
				GCC_C_LANGUAGE_STANDARD = gnu99;
				GCC_DYNAMIC_NO_PIC = NO;
				GCC_OPTIMIZATION_LEVEL = 0;
				GCC_PREPROCESSOR_DEFINITIONS = (
					"DEBUG=1",
					"$(inherited)",
				);
				GCC_SYMBOLS_PRIVATE_EXTERN = NO;
				GCC_WARN_64_TO_32_BIT_CONVERSION = YES;
				GCC_WARN_ABOUT_RETURN_TYPE = YES_ERROR;
				GCC_WARN_UNDECLARED_SELECTOR = YES;
				GCC_WARN_UNINITIALIZED_AUTOS = YES_AGGRESSIVE;
				GCC_WARN_UNUSED_FUNCTION = YES;
				GCC_WARN_UNUSED_VARIABLE = YES;
				IPHONEOS_DEPLOYMENT_TARGET = 8.0;
				METAL_ENABLE_DEBUG_INFO = YES;
				ONLY_ACTIVE_ARCH = YES;
				SDKROOT = iphoneos;
				SWIFT_OPTIMIZATION_LEVEL = "-Onone";
			};
			name = Debug;
		};
		04CBDCFB193ECA1C00503049 /* Release */ = {
			isa = XCBuildConfiguration;
			buildSettings = {
				ALWAYS_SEARCH_USER_PATHS = NO;
				CLANG_CXX_LANGUAGE_STANDARD = "gnu++0x";
				CLANG_CXX_LIBRARY = "libc++";
				CLANG_ENABLE_MODULES = YES;
				CLANG_ENABLE_OBJC_ARC = YES;
				CLANG_WARN_BOOL_CONVERSION = YES;
				CLANG_WARN_CONSTANT_CONVERSION = YES;
				CLANG_WARN_DIRECT_OBJC_ISA_USAGE = YES_ERROR;
				CLANG_WARN_EMPTY_BODY = YES;
				CLANG_WARN_ENUM_CONVERSION = YES;
				CLANG_WARN_INT_CONVERSION = YES;
				CLANG_WARN_OBJC_ROOT_CLASS = YES_ERROR;
				CLANG_WARN_UNREACHABLE_CODE = YES;
				CLANG_WARN__DUPLICATE_METHOD_MATCH = YES;
				"CODE_SIGN_IDENTITY[sdk=iphoneos*]" = "iPhone Developer";
				COPY_PHASE_STRIP = YES;
				ENABLE_NS_ASSERTIONS = NO;
				ENABLE_STRICT_OBJC_MSGSEND = YES;
				GCC_C_LANGUAGE_STANDARD = gnu99;
				GCC_WARN_64_TO_32_BIT_CONVERSION = YES;
				GCC_WARN_ABOUT_RETURN_TYPE = YES_ERROR;
				GCC_WARN_UNDECLARED_SELECTOR = YES;
				GCC_WARN_UNINITIALIZED_AUTOS = YES_AGGRESSIVE;
				GCC_WARN_UNUSED_FUNCTION = YES;
				GCC_WARN_UNUSED_VARIABLE = YES;
				IPHONEOS_DEPLOYMENT_TARGET = 8.0;
				METAL_ENABLE_DEBUG_INFO = NO;
				SDKROOT = iphoneos;
				VALIDATE_PRODUCT = YES;
			};
			name = Release;
		};
		04CBDCFD193ECA1C00503049 /* Debug */ = {
			isa = XCBuildConfiguration;
			buildSettings = {
				ASSETCATALOG_COMPILER_APPICON_NAME = AppIcon;
				ASSETCATALOG_COMPILER_LAUNCHIMAGE_NAME = LaunchImage;
				INFOPLIST_FILE = Bonanza/Info.plist;
				LD_RUNPATH_SEARCH_PATHS = "$(inherited) @executable_path/Frameworks";
				PRODUCT_NAME = "$(TARGET_NAME)";
			};
			name = Debug;
		};
		04CBDCFE193ECA1C00503049 /* Release */ = {
			isa = XCBuildConfiguration;
			buildSettings = {
				ASSETCATALOG_COMPILER_APPICON_NAME = AppIcon;
				ASSETCATALOG_COMPILER_LAUNCHIMAGE_NAME = LaunchImage;
				INFOPLIST_FILE = Bonanza/Info.plist;
				LD_RUNPATH_SEARCH_PATHS = "$(inherited) @executable_path/Frameworks";
				PRODUCT_NAME = "$(TARGET_NAME)";
			};
			name = Release;
		};
		04CBDD00193ECA1C00503049 /* Debug */ = {
			isa = XCBuildConfiguration;
			buildSettings = {
				BUNDLE_LOADER = "$(BUILT_PRODUCTS_DIR)/Bonanza.app/Bonanza";
				FRAMEWORK_SEARCH_PATHS = (
					"$(SDKROOT)/Developer/Library/Frameworks",
					"$(inherited)",
				);
				GCC_PREPROCESSOR_DEFINITIONS = (
					"DEBUG=1",
					"$(inherited)",
				);
				INFOPLIST_FILE = BonanzaTests/Info.plist;
				LD_RUNPATH_SEARCH_PATHS = "$(inherited) @executable_path/Frameworks @loader_path/Frameworks";
				METAL_ENABLE_DEBUG_INFO = YES;
				PRODUCT_NAME = "$(TARGET_NAME)";
				TEST_HOST = "$(BUNDLE_LOADER)";
			};
			name = Debug;
		};
		04CBDD01193ECA1C00503049 /* Release */ = {
			isa = XCBuildConfiguration;
			buildSettings = {
				BUNDLE_LOADER = "$(BUILT_PRODUCTS_DIR)/Bonanza.app/Bonanza";
				FRAMEWORK_SEARCH_PATHS = (
					"$(SDKROOT)/Developer/Library/Frameworks",
					"$(inherited)",
				);
				INFOPLIST_FILE = BonanzaTests/Info.plist;
				LD_RUNPATH_SEARCH_PATHS = "$(inherited) @executable_path/Frameworks @loader_path/Frameworks";
				METAL_ENABLE_DEBUG_INFO = NO;
				PRODUCT_NAME = "$(TARGET_NAME)";
				TEST_HOST = "$(BUNDLE_LOADER)";
			};
			name = Release;
		};
/* End XCBuildConfiguration section */

/* Begin XCConfigurationList section */
		04CBDCDB193ECA1C00503049 /* Build configuration list for PBXProject "Bonanza" */ = {
			isa = XCConfigurationList;
			buildConfigurations = (
				04CBDCFA193ECA1C00503049 /* Debug */,
				04CBDCFB193ECA1C00503049 /* Release */,
			);
			defaultConfigurationIsVisible = 0;
			defaultConfigurationName = Release;
		};
		04CBDCFC193ECA1C00503049 /* Build configuration list for PBXNativeTarget "Bonanza" */ = {
			isa = XCConfigurationList;
			buildConfigurations = (
				04CBDCFD193ECA1C00503049 /* Debug */,
				04CBDCFE193ECA1C00503049 /* Release */,
			);
			defaultConfigurationIsVisible = 0;
		};
		04CBDCFF193ECA1C00503049 /* Build configuration list for PBXNativeTarget "BonanzaTests" */ = {
			isa = XCConfigurationList;
			buildConfigurations = (
				04CBDD00193ECA1C00503049 /* Debug */,
				04CBDD01193ECA1C00503049 /* Release */,
			);
			defaultConfigurationIsVisible = 0;
		};
/* End XCConfigurationList section */
	};
	rootObject = 04CBDCD8193ECA1C00503049 /* Project object */;
}
